
Microsoft Visual Studio Solution File, Format Version 12.00
# Visual Studio Version 16
VisualStudioVersion = 16.0.33529.622
MinimumVisualStudioVersion = 10.0.40219.1
Project("{FAE04EC0-301F-11D3-BF4B-00C04F79EFBC}") = "AppJuegoOlimpico", "AppJuegoOlimpico.csproj", "{F2216709-88CC-42F3-9AB7-ACBD6CF5C590}"
EndProject
Global
	GlobalSection(SolutionConfigurationPlatforms) = preSolution
		Debug|Any CPU = Debug|Any CPU
		Release|Any CPU = Release|Any CPU
	EndGlobalSection
	GlobalSection(ProjectConfigurationPlatforms) = postSolution
		{F2216709-88CC-42F3-9AB7-ACBD6CF5C590}.Debug|Any CPU.ActiveCfg = Debug|Any CPU
		{F2216709-88CC-42F3-9AB7-ACBD6CF5C590}.Debug|Any CPU.Build.0 = Debug|Any CPU
		{F2216709-88CC-42F3-9AB7-ACBD6CF5C590}.Release|Any CPU.ActiveCfg = Release|Any CPU
		{F2216709-88CC-42F3-9AB7-ACBD6CF5C590}.Release|Any CPU.Build.0 = Release|Any CPU
	EndGlobalSection
	GlobalSection(SolutionProperties) = preSolution
		HideSolutionNode = FALSE
	EndGlobalSection
	GlobalSection(ExtensibilityGlobals) = postSolution
		SolutionGuid = {6238238E-38FB-49DA-956B-39741B45601E}
	EndGlobalSection
EndGlobal
